{
  "name": "ellie-workspace",
  "version": "0.1.0",
  "lockfileVersion": 3,
  "requires": true,
  "packages": {
    "": {
      "name": "ellie-workspace",
      "version": "0.1.0",
      "workspaces": [
        "apps/*",
        "packages/*"
      ],
      "devDependencies": {
        "@types/node": "^24.0.0",
        "typescript": "^5.9.0"
      },
      "engines": {
        "node": ">=24.0.0 <25"
      }
    },
    "apps/cli": {
      "name": "@ellie/cli",
      "version": "0.1.0",
      "dependencies": {
        "@ellie/config": "*",
        "@ellie/macos": "*",
        "@ellie/protocol": "*",
        "@ellie/transport": "*"
      }
    },
    "apps/node": {
      "name": "@ellie/node",
      "version": "0.1.0",
      "dependencies": {
        "@ellie/config": "*",
        "@ellie/macos": "*",
        "@ellie/permissions": "*",
        "@ellie/protocol": "*",
        "@ellie/transport": "*"
      }
    },
    "apps/server": {
      "name": "@ellie/server",
      "version": "0.1.0",
      "dependencies": {
        "@ellie/config": "*",
        "@ellie/permissions": "*",
        "@ellie/protocol": "*",
        "@ellie/router": "*",
        "@ellie/transport": "*"
      }
    },
    "node_modules/@ellie/browser": {
      "resolved": "packages/browser",
      "link": true
    },
    "node_modules/@ellie/cli": {
      "resolved": "apps/cli",
      "link": true
    },
    "node_modules/@ellie/config": {
      "resolved": "packages/config",
      "link": true
    },
    "node_modules/@ellie/knowledge": {
      "resolved": "packages/knowledge",
      "link": true
    },
    "node_modules/@ellie/macos": {
      "resolved": "packages/macos",
      "link": true
    },
    "node_modules/@ellie/memory": {
      "resolved": "packages/memory",
      "link": true
    },
    "node_modules/@ellie/node": {
      "resolved": "apps/node",
      "link": true
    },
    "node_modules/@ellie/permissions": {
      "resolved": "packages/permissions",
      "link": true
    },
    "node_modules/@ellie/personality": {
      "resolved": "packages/personality",
      "link": true
    },
    "node_modules/@ellie/protocol": {
      "resolved": "packages/protocol",
      "link": true
    },
    "node_modules/@ellie/router": {
      "resolved": "packages/router",
      "link": true
    },
    "node_modules/@ellie/server": {
      "resolved": "apps/server",
      "link": true
    },
    "node_modules/@ellie/speech": {
      "resolved": "packages/speech",
      "link": true
    },
    "node_modules/@ellie/transport": {
      "resolved": "packages/transport",
      "link": true
    },
    "node_modules/@ellie/windows": {
      "resolved": "packages/windows",
      "link": true
    },
    "node_modules/@types/node": {
      "version": "24.13.4",
      "resolved": "https://registry.npmjs.org/@types/node/-/node-24.13.4.tgz",
      "integrity": "sha512-YJ7EqCstVTzIr0fMr7qul/977en+pQHrfmuKIo6Zr9i75Be21dr3MovcfvGtyvi2HAUrRerWps5sMO9I7WaxDw==",
      "dev": true,
      "license": "MIT",
      "dependencies": {
        "undici-types": "~7.18.0"
      }
    },
    "node_modules/typescript": {
      "version": "5.9.3",
      "resolved": "https://registry.npmjs.org/typescript/-/typescript-5.9.3.tgz",
      "integrity": "sha512-jl1vZzPDinLr9eUt3J/t7V6FgNEw9QjvBPdysz9KfQDD41fQrC2Y4vKQdiaUpFT4bXlb1RHhLpp8wtm6M5TgSw==",
      "dev": true,
      "license": "Apache-2.0",
      "bin": {
        "tsc": "bin/tsc",
        "tsserver": "bin/tsserver"
      },
      "engines": {
        "node": ">=14.17"
      }
    },
    "node_modules/undici-types": {
      "version": "7.18.2",
      "resolved": "https://registry.npmjs.org/undici-types/-/undici-types-7.18.2.tgz",
      "integrity": "sha512-AsuCzffGHJybSaRrmr5eHr81mwJU3kjw6M+uprWvCXiNeN9SOGwQ3Jn8jb8m3Z6izVgknn1R0FTCEAP2QrLY/w==",
      "dev": true,
      "license": "MIT"
    },
    "packages/browser": {
      "name": "@ellie/browser",
      "version": "0.1.0"
    },
    "packages/config": {
      "name": "@ellie/config",
      "version": "0.1.0",
      "dependencies": {
        "@ellie/protocol": "*"
      }
    },
    "packages/knowledge": {
      "name": "@ellie/knowledge",
      "version": "0.1.0"
    },
    "packages/macos": {
      "name": "@ellie/macos",
      "version": "0.1.0",
      "dependencies": {
        "@ellie/protocol": "*"
      }
    },
    "packages/memory": {
      "name": "@ellie/memory",
      "version": "0.1.0"
    },
    "packages/permissions": {
      "name": "@ellie/permissions",
      "version": "0.1.0",
      "dependencies": {
        "@ellie/config": "*",
        "@ellie/protocol": "*"
      }
    },
    "packages/personality": {
      "name": "@ellie/personality",
      "version": "0.1.0"
    },
    "packages/protocol": {
      "name": "@ellie/protocol",
      "version": "0.1.0"
    },
    "packages/router": {
      "name": "@ellie/router",
      "version": "0.1.0",
      "dependencies": {
        "@ellie/config": "*",
        "@ellie/protocol": "*"
      }
    },
    "packages/speech": {
      "name": "@ellie/speech",
      "version": "0.1.0"
    },
    "packages/transport": {
      "name": "@ellie/transport",
      "version": "0.1.0",
      "dependencies": {
        "@ellie/protocol": "*"
      }
    },
    "packages/windows": {
      "name": "@ellie/windows",
      "version": "0.1.0"
    }
  }
}
