// !$*UTF8*$!
{
	archiveVersion = 1;
	classes = {};
	objectVersion = 56;
	objects = {

		A00000000000000000000001 = {isa = PBXFileReference; lastKnownFileType = sourcecode.swift; path = EllieIOSApp.swift; sourceTree = "<group>"; };
		A00000000000000000000002 = {isa = PBXFileReference; lastKnownFileType = sourcecode.swift; path = IOSDashboardView.swift; sourceTree = "<group>"; };
		A00000000000000000000003 = {isa = PBXFileReference; lastKnownFileType = sourcecode.swift; path = IOSWidgetViews.swift; sourceTree = "<group>"; };
		A00000000000000000000004 = {isa = PBXFileReference; lastKnownFileType = sourcecode.swift; name = DashboardModel.swift; path = ../../desktop/Sources/Ellie/DashboardModel.swift; sourceTree = "<group>"; };
		A00000000000000000000005 = {isa = PBXFileReference; lastKnownFileType = sourcecode.swift; name = DashboardStore.swift; path = ../../desktop/Sources/Ellie/DashboardStore.swift; sourceTree = "<group>"; };
		A00000000000000000000006 = {isa = PBXFileReference; lastKnownFileType = sourcecode.swift; path = EllieIOSUITests.swift; sourceTree = "<group>"; };
		A00000000000000000000007 = {isa = PBXFileReference; explicitFileType = wrapper.application; path = Ellie.app; sourceTree = BUILT_PRODUCTS_DIR; };
		A00000000000000000000008 = {isa = PBXFileReference; explicitFileType = wrapper.cfbundle; path = EllieIOSUITests.xctest; sourceTree = BUILT_PRODUCTS_DIR; };
		A0000000000000000000000A = {isa = PBXFileReference; lastKnownFileType = sourcecode.swift; path = NativeEnrollmentView.swift; sourceTree = "<group>"; };
		A0000000000000000000000B = {isa = PBXFileReference; lastKnownFileType = sourcecode.swift; name = NativeEnrollment.swift; path = ../../desktop/Sources/Ellie/NativeEnrollment.swift; sourceTree = "<group>"; };
		A0000000000000000000000C = {isa = PBXFileReference; lastKnownFileType = sourcecode.swift; name = NativeEnrollmentTransport.swift; path = ../../desktop/Sources/Ellie/NativeEnrollmentTransport.swift; sourceTree = "<group>"; };
		A0000000000000000000000D = {isa = PBXFileReference; lastKnownFileType = sourcecode.swift; name = NativeEnrollmentStore.swift; path = ../../desktop/Sources/Ellie/NativeEnrollmentStore.swift; sourceTree = "<group>"; };
		A00000000000000000000010 = {isa = PBXFileReference; lastKnownFileType = sourcecode.swift; path = NativeCredentialVaultIOSTests.swift; sourceTree = "<group>"; };
		A00000000000000000000011 = {isa = PBXFileReference; lastKnownFileType = sourcecode.swift; name = PhoneControls.swift; path = ../../desktop/Sources/Ellie/PhoneControls.swift; sourceTree = "<group>"; };
		A00000000000000000000012 = {isa = PBXFileReference; lastKnownFileType = sourcecode.swift; name = PhoneControlTransport.swift; path = ../../desktop/Sources/Ellie/PhoneControlTransport.swift; sourceTree = "<group>"; };
		A00000000000000000000013 = {isa = PBXFileReference; lastKnownFileType = sourcecode.swift; path = PhoneControlView.swift; sourceTree = "<group>"; };
		A00000000000000000000014 = {isa = PBXFileReference; lastKnownFileType = sourcecode.swift; path = SpeechTurnView.swift; sourceTree = "<group>"; };
		A00000000000000000000015 = {isa = PBXFileReference; lastKnownFileType = sourcecode.swift; path = IOSSpeechRecorder.swift; sourceTree = "<group>"; };
		A00000000000000000000016 = {isa = PBXFileReference; lastKnownFileType = sourcecode.swift; name = SpeechTurns.swift; path = ../../desktop/Sources/Ellie/SpeechTurns.swift; sourceTree = "<group>"; };
		A00000000000000000000017 = {isa = PBXFileReference; lastKnownFileType = sourcecode.swift; name = HouseholdDashboardSync.swift; path = ../../desktop/Sources/Ellie/HouseholdDashboardSync.swift; sourceTree = "<group>"; };
		A00000000000000000000018 = {isa = PBXFileReference; lastKnownFileType = sourcecode.swift; name = HouseholdDashboardTransport.swift; path = ../../desktop/Sources/Ellie/HouseholdDashboardTransport.swift; sourceTree = "<group>"; };
		A00000000000000000000019 = {isa = PBXFileReference; lastKnownFileType = sourcecode.swift; path = DashboardSyncView.swift; sourceTree = "<group>"; };
		A0000000000000000000001A = {isa = PBXFileReference; lastKnownFileType = sourcecode.swift; name = DashboardSyncTests.swift; path = ../../desktop/Tests/EllieTests/DashboardSyncTests.swift; sourceTree = "<group>"; };
		A0000000000000000000000E = {isa = PBXFileReference; lastKnownFileType = sourcecode.swift; path = NativeEnrollmentATSTests.swift; sourceTree = "<group>"; };
		A0000000000000000000000F = {isa = PBXFileReference; explicitFileType = wrapper.cfbundle; path = EllieIOSUnitTests.xctest; sourceTree = BUILT_PRODUCTS_DIR; };
		A00000000000000000000009 = {isa = PBXFileReference; lastKnownFileType = folder.assetcatalog; path = Assets.xcassets; sourceTree = "<group>"; };

		B00000000000000000000001 = {isa = PBXBuildFile; fileRef = A00000000000000000000001; };
		B00000000000000000000002 = {isa = PBXBuildFile; fileRef = A00000000000000000000002; };
		B00000000000000000000003 = {isa = PBXBuildFile; fileRef = A00000000000000000000003; };
		B00000000000000000000004 = {isa = PBXBuildFile; fileRef = A00000000000000000000004; };
		B00000000000000000000005 = {isa = PBXBuildFile; fileRef = A00000000000000000000005; };
		B00000000000000000000006 = {isa = PBXBuildFile; fileRef = A00000000000000000000006; };
		B00000000000000000000008 = {isa = PBXBuildFile; fileRef = A0000000000000000000000A; };
		B00000000000000000000009 = {isa = PBXBuildFile; fileRef = A0000000000000000000000B; };
		B0000000000000000000000A = {isa = PBXBuildFile; fileRef = A0000000000000000000000C; };
		B0000000000000000000000B = {isa = PBXBuildFile; fileRef = A0000000000000000000000D; };
		B0000000000000000000000D = {isa = PBXBuildFile; fileRef = A00000000000000000000010; };
		B0000000000000000000000E = {isa = PBXBuildFile; fileRef = A00000000000000000000011; };
		B0000000000000000000000F = {isa = PBXBuildFile; fileRef = A00000000000000000000012; };
		B00000000000000000000010 = {isa = PBXBuildFile; fileRef = A00000000000000000000013; };
		B00000000000000000000011 = {isa = PBXBuildFile; fileRef = A00000000000000000000014; };
		B00000000000000000000012 = {isa = PBXBuildFile; fileRef = A00000000000000000000015; };
		B00000000000000000000013 = {isa = PBXBuildFile; fileRef = A00000000000000000000016; };
		B00000000000000000000014 = {isa = PBXBuildFile; fileRef = A00000000000000000000017; };
		B00000000000000000000015 = {isa = PBXBuildFile; fileRef = A00000000000000000000018; };
		B00000000000000000000016 = {isa = PBXBuildFile; fileRef = A00000000000000000000019; };
		B00000000000000000000017 = {isa = PBXBuildFile; fileRef = A0000000000000000000001A; };
		B0000000000000000000000C = {isa = PBXBuildFile; fileRef = A0000000000000000000000E; };
		B00000000000000000000007 = {isa = PBXBuildFile; fileRef = A00000000000000000000009; };

		C00000000000000000000001 = {isa = PBXGroup; children = (C00000000000000000000002, C00000000000000000000003, C00000000000000000000005, A00000000000000000000009, C00000000000000000000004); sourceTree = "<group>"; };
		C00000000000000000000002 = {isa = PBXGroup; path = Sources; sourceTree = "<group>"; children = (A00000000000000000000001, A00000000000000000000002, A00000000000000000000003, A0000000000000000000000A, A00000000000000000000013, A00000000000000000000014, A00000000000000000000015, A00000000000000000000019, A00000000000000000000004, A0000000000000000000000B, A0000000000000000000000C, A0000000000000000000000D, A00000000000000000000011, A00000000000000000000012, A00000000000000000000016, A00000000000000000000017, A00000000000000000000018, A00000000000000000000005); };
		C00000000000000000000003 = {isa = PBXGroup; path = UITests; sourceTree = "<group>"; children = (A00000000000000000000006); };
		C00000000000000000000005 = {isa = PBXGroup; path = Tests; sourceTree = "<group>"; children = (A0000000000000000000000E, A00000000000000000000010, A0000000000000000000001A); };
		C00000000000000000000004 = {isa = PBXGroup; name = Products; sourceTree = "<group>"; children = (A00000000000000000000007, A00000000000000000000008, A0000000000000000000000F); };

		D00000000000000000000001 = {isa = PBXSourcesBuildPhase; buildActionMask = 2147483647; files = (B00000000000000000000001, B00000000000000000000002, B00000000000000000000003, B00000000000000000000004, B00000000000000000000005, B00000000000000000000008, B00000000000000000000009, B0000000000000000000000A, B0000000000000000000000B, B0000000000000000000000E, B0000000000000000000000F, B00000000000000000000010, B00000000000000000000011, B00000000000000000000012, B00000000000000000000013, B00000000000000000000014, B00000000000000000000015, B00000000000000000000016); runOnlyForDeploymentPostprocessing = 0; };
		D00000000000000000000002 = {isa = PBXFrameworksBuildPhase; buildActionMask = 2147483647; files = (); runOnlyForDeploymentPostprocessing = 0; };
		D00000000000000000000003 = {isa = PBXResourcesBuildPhase; buildActionMask = 2147483647; files = (B00000000000000000000007); runOnlyForDeploymentPostprocessing = 0; };
		D00000000000000000000004 = {isa = PBXSourcesBuildPhase; buildActionMask = 2147483647; files = (B00000000000000000000006); runOnlyForDeploymentPostprocessing = 0; };
		D00000000000000000000005 = {isa = PBXFrameworksBuildPhase; buildActionMask = 2147483647; files = (); runOnlyForDeploymentPostprocessing = 0; };
		D00000000000000000000006 = {isa = PBXResourcesBuildPhase; buildActionMask = 2147483647; files = (); runOnlyForDeploymentPostprocessing = 0; };

		D00000000000000000000007 = {isa = PBXSourcesBuildPhase; buildActionMask = 2147483647; files = (B0000000000000000000000C, B0000000000000000000000D, B00000000000000000000017); runOnlyForDeploymentPostprocessing = 0; };
		D00000000000000000000008 = {isa = PBXFrameworksBuildPhase; buildActionMask = 2147483647; files = (); runOnlyForDeploymentPostprocessing = 0; };
		D00000000000000000000009 = {isa = PBXResourcesBuildPhase; buildActionMask = 2147483647; files = (); runOnlyForDeploymentPostprocessing = 0; };

		E00000000000000000000001 = {isa = PBXContainerItemProxy; containerPortal = F00000000000000000000001; proxyType = 1; remoteGlobalIDString = E00000000000000000000003; remoteInfo = EllieIOS; };
		E00000000000000000000002 = {isa = PBXTargetDependency; target = E00000000000000000000003; targetProxy = E00000000000000000000001; };
		E00000000000000000000005 = {isa = PBXContainerItemProxy; containerPortal = F00000000000000000000001; proxyType = 1; remoteGlobalIDString = E00000000000000000000003; remoteInfo = EllieIOS; };
		E00000000000000000000006 = {isa = PBXTargetDependency; target = E00000000000000000000003; targetProxy = E00000000000000000000005; };
		E00000000000000000000003 = {isa = PBXNativeTarget; buildConfigurationList = F00000000000000000000003; buildPhases = (D00000000000000000000001, D00000000000000000000002, D00000000000000000000003); buildRules = (); dependencies = (); name = EllieIOS; productName = Ellie; productReference = A00000000000000000000007; productType = "com.apple.product-type.application"; };
		E00000000000000000000004 = {isa = PBXNativeTarget; buildConfigurationList = F00000000000000000000004; buildPhases = (D00000000000000000000004, D00000000000000000000005, D00000000000000000000006); buildRules = (); dependencies = (E00000000000000000000002); name = EllieIOSUITests; productName = EllieIOSUITests; productReference = A00000000000000000000008; productType = "com.apple.product-type.bundle.ui-testing"; };

		E00000000000000000000007 = {isa = PBXNativeTarget; buildConfigurationList = F0000000000000000000000B; buildPhases = (D00000000000000000000007, D00000000000000000000008, D00000000000000000000009); buildRules = (); dependencies = (E00000000000000000000006); name = EllieIOSUnitTests; productName = EllieIOSUnitTests; productReference = A0000000000000000000000F; productType = "com.apple.product-type.bundle.unit-test"; };

		F00000000000000000000001 = {isa = PBXProject; attributes = {BuildIndependentTargetsInParallel = 1; LastSwiftUpdateCheck = 1600; LastUpgradeCheck = 1600; TargetAttributes = {E00000000000000000000003 = {CreatedOnToolsVersion = 16.0; }; E00000000000000000000004 = {CreatedOnToolsVersion = 16.0; TestTargetID = E00000000000000000000003; }; E00000000000000000000007 = {CreatedOnToolsVersion = 16.0; TestTargetID = E00000000000000000000003; }; }; }; buildConfigurationList = F00000000000000000000002; compatibilityVersion = "Xcode 14.0"; developmentRegion = en; knownRegions = (en, Base); mainGroup = C00000000000000000000001; productRefGroup = C00000000000000000000004; projectDirPath = ""; projectRoot = ""; targets = (E00000000000000000000003, E00000000000000000000004, E00000000000000000000007); };
		F00000000000000000000002 = {isa = XCConfigurationList; buildConfigurations = (F00000000000000000000005, F00000000000000000000006); defaultConfigurationIsVisible = 0; defaultConfigurationName = Release; };
		F00000000000000000000003 = {isa = XCConfigurationList; buildConfigurations = (F00000000000000000000007, F00000000000000000000008); defaultConfigurationIsVisible = 0; defaultConfigurationName = Release; };
		F00000000000000000000004 = {isa = XCConfigurationList; buildConfigurations = (F00000000000000000000009, F0000000000000000000000A); defaultConfigurationIsVisible = 0; defaultConfigurationName = Release; };

		F0000000000000000000000B = {isa = XCConfigurationList; buildConfigurations = (F0000000000000000000000C, F0000000000000000000000D); defaultConfigurationIsVisible = 0; defaultConfigurationName = Release; };

		F00000000000000000000005 = {isa = XCBuildConfiguration; name = Debug; buildSettings = {CLANG_ENABLE_MODULES = YES; IPHONEOS_DEPLOYMENT_TARGET = 17.0; SDKROOT = iphoneos; SWIFT_VERSION = 5.0; }; };
		F00000000000000000000006 = {isa = XCBuildConfiguration; name = Release; buildSettings = {CLANG_ENABLE_MODULES = YES; IPHONEOS_DEPLOYMENT_TARGET = 17.0; SDKROOT = iphoneos; SWIFT_VERSION = 5.0; }; };
		F00000000000000000000007 = {isa = XCBuildConfiguration; name = Debug; buildSettings = {ASSETCATALOG_COMPILER_APPICON_NAME = AppIcon; ASSETCATALOG_COMPILER_GENERATE_SWIFT_ASSET_SYMBOL_EXTENSIONS = YES; CURRENT_PROJECT_VERSION = 1; ENABLE_TESTABILITY = YES; GENERATE_INFOPLIST_FILE = NO; INFOPLIST_FILE = Info.plist; MARKETING_VERSION = 0.1.0; PRODUCT_BUNDLE_IDENTIFIER = org.ellie.dashboard.ios; PRODUCT_NAME = Ellie; SUPPORTED_PLATFORMS = "iphoneos iphonesimulator"; SUPPORTS_MACCATALYST = NO; SWIFT_EMIT_LOC_STRINGS = YES; SWIFT_VERSION = 5.0; TARGETED_DEVICE_FAMILY = 1; }; };
		F00000000000000000000008 = {isa = XCBuildConfiguration; name = Release; buildSettings = {ASSETCATALOG_COMPILER_APPICON_NAME = AppIcon; ASSETCATALOG_COMPILER_GENERATE_SWIFT_ASSET_SYMBOL_EXTENSIONS = YES; CURRENT_PROJECT_VERSION = 1; GENERATE_INFOPLIST_FILE = NO; INFOPLIST_FILE = Info.plist; MARKETING_VERSION = 0.1.0; PRODUCT_BUNDLE_IDENTIFIER = org.ellie.dashboard.ios; PRODUCT_NAME = Ellie; SUPPORTED_PLATFORMS = "iphoneos iphonesimulator"; SUPPORTS_MACCATALYST = NO; SWIFT_COMPILATION_MODE = wholemodule; SWIFT_EMIT_LOC_STRINGS = YES; SWIFT_VERSION = 5.0; TARGETED_DEVICE_FAMILY = 1; }; };
		F00000000000000000000009 = {isa = XCBuildConfiguration; name = Debug; buildSettings = {CODE_SIGNING_ALLOWED = NO; GENERATE_INFOPLIST_FILE = YES; PRODUCT_BUNDLE_IDENTIFIER = org.ellie.dashboard.ios.ui-tests; PRODUCT_NAME = "$(TARGET_NAME)"; SUPPORTED_PLATFORMS = iphonesimulator; SWIFT_VERSION = 5.0; TARGETED_DEVICE_FAMILY = 1; TEST_TARGET_NAME = EllieIOS; }; };
		F0000000000000000000000A = {isa = XCBuildConfiguration; name = Release; buildSettings = {CODE_SIGNING_ALLOWED = NO; GENERATE_INFOPLIST_FILE = YES; PRODUCT_BUNDLE_IDENTIFIER = org.ellie.dashboard.ios.ui-tests; PRODUCT_NAME = "$(TARGET_NAME)"; SUPPORTED_PLATFORMS = iphonesimulator; SWIFT_VERSION = 5.0; TARGETED_DEVICE_FAMILY = 1; TEST_TARGET_NAME = EllieIOS; }; };
		F0000000000000000000000C = {isa = XCBuildConfiguration; name = Debug; buildSettings = {BUNDLE_LOADER = "$(TEST_HOST)"; CODE_SIGNING_ALLOWED = NO; GENERATE_INFOPLIST_FILE = NO; INFOPLIST_FILE = Tests/Info.plist; PRODUCT_BUNDLE_IDENTIFIER = org.ellie.dashboard.ios.unit-tests; PRODUCT_NAME = "$(TARGET_NAME)"; SUPPORTED_PLATFORMS = iphonesimulator; SWIFT_VERSION = 5.0; TARGETED_DEVICE_FAMILY = 1; TEST_HOST = "$(BUILT_PRODUCTS_DIR)/Ellie.app/Ellie"; }; };
		F0000000000000000000000D = {isa = XCBuildConfiguration; name = Release; buildSettings = {BUNDLE_LOADER = "$(TEST_HOST)"; CODE_SIGNING_ALLOWED = NO; GENERATE_INFOPLIST_FILE = NO; INFOPLIST_FILE = Tests/Info.plist; PRODUCT_BUNDLE_IDENTIFIER = org.ellie.dashboard.ios.unit-tests; PRODUCT_NAME = "$(TARGET_NAME)"; SUPPORTED_PLATFORMS = iphonesimulator; SWIFT_VERSION = 5.0; TARGETED_DEVICE_FAMILY = 1; TEST_HOST = "$(BUILT_PRODUCTS_DIR)/Ellie.app/Ellie"; }; };
	};
	rootObject = F00000000000000000000001;
}
